
Microsoft Visual Studio Solution File, Format Version 12.00
# Visual Studio 15
VisualStudioVersion = 15.0.27004.2005
MinimumVisualStudioVersion = 10.0.40219.1
Project("{FAE04EC0-301F-11D3-BF4B-00C04F79EFBC}") = "Quick Math Jr App for Kids", "Quick Math Jr App for Kids\Quick Math Jr App for Kids.csproj", "{C7542E68-DAD6-479E-A6EF-0AD5EC474246}"
EndProject
Global
	GlobalSection(SolutionConfigurationPlatforms) = preSolution
		Debug|Any CPU = Debug|Any CPU
		Release|Any CPU = Release|Any CPU
	EndGlobalSection
	GlobalSection(ProjectConfigurationPlatforms) = postSolution
		{C7542E68-DAD6-479E-A6EF-0AD5EC474246}.Debug|Any CPU.ActiveCfg = Debug|Any CPU
		{C7542E68-DAD6-479E-A6EF-0AD5EC474246}.Debug|Any CPU.Build.0 = Debug|Any CPU
		{C7542E68-DAD6-479E-A6EF-0AD5EC474246}.Release|Any CPU.ActiveCfg = Release|Any CPU
		{C7542E68-DAD6-479E-A6EF-0AD5EC474246}.Release|Any CPU.Build.0 = Release|Any CPU
	EndGlobalSection
	GlobalSection(SolutionProperties) = preSolution
		HideSolutionNode = FALSE
	EndGlobalSection
	GlobalSection(ExtensibilityGlobals) = postSolution
		SolutionGuid = {63DF5D13-8882-4EA9-AB3A-3A15D5A0EDBD}
	EndGlobalSection
EndGlobal
