
Microsoft Visual Studio Solution File, Format Version 12.00
# Visual Studio 15
VisualStudioVersion = 15.0.27004.2005
MinimumVisualStudioVersion = 10.0.40219.1
Project("{FAE04EC0-301F-11D3-BF4B-00C04F79EFBC}") = "Quick Math Jr App for Kids", "Quick Math Jr App for Kids\Quick Math Jr App for Kids.csproj", "{4FAD041C-1B64-45D6-9E3B-1CFA14CCD783}"
EndProject
Global
	GlobalSection(SolutionConfigurationPlatforms) = preSolution
		Debug|Any CPU = Debug|Any CPU
		Release|Any CPU = Release|Any CPU
	EndGlobalSection
	GlobalSection(ProjectConfigurationPlatforms) = postSolution
		{4FAD041C-1B64-45D6-9E3B-1CFA14CCD783}.Debug|Any CPU.ActiveCfg = Debug|Any CPU
		{4FAD041C-1B64-45D6-9E3B-1CFA14CCD783}.Debug|Any CPU.Build.0 = Debug|Any CPU
		{4FAD041C-1B64-45D6-9E3B-1CFA14CCD783}.Release|Any CPU.ActiveCfg = Release|Any CPU
		{4FAD041C-1B64-45D6-9E3B-1CFA14CCD783}.Release|Any CPU.Build.0 = Release|Any CPU
	EndGlobalSection
	GlobalSection(SolutionProperties) = preSolution
		HideSolutionNode = FALSE
	EndGlobalSection
	GlobalSection(ExtensibilityGlobals) = postSolution
		SolutionGuid = {A4EE5D48-5141-4A94-ADC2-D2BA639D511C}
	EndGlobalSection
EndGlobal
